
Microsoft Visual Studio Solution File, Format Version 12.00
# Visual Studio Version 16
VisualStudioVersion = 16.0.31205.134
MinimumVisualStudioVersion = 10.0.40219.1
Project("{9A19103F-16F7-4668-BE54-9A1E7A4F7556}") = "APIGateway", "APIGateway\APIGateway.csproj", "{5029AC38-97DA-41B4-B504-F5C0269EADA2}"
EndProject
Project("{2150E333-8FDC-42A3-9474-1A3956D46DE8}") = "CustomerService", "CustomerService", "{C96179B7-5C31-4137-A32F-DCD7B6B91B72}"
EndProject
Project("{2150E333-8FDC-42A3-9474-1A3956D46DE8}") = "OrderService", "OrderService", "{14DD8997-BB22-487F-BA5D-226A40D48792}"
EndProject
Project("{9A19103F-16F7-4668-BE54-9A1E7A4F7556}") = "Customer.Api", "CustomerService\CustomerAPI\Customer.Api.csproj", "{DED17512-C542-4444-8DC7-8659D3193D52}"
EndProject
Project("{9A19103F-16F7-4668-BE54-9A1E7A4F7556}") = "Order.Api", "OrderService\OrderAPI\Order.Api.csproj", "{44A47137-3009-437B-8FEB-C8CB2C352473}"
EndProject
Project("{9A19103F-16F7-4668-BE54-9A1E7A4F7556}") = "Customer.Infrastructure", "CustomerService\CustomerAPI.Infrastructure\Customer.Infrastructure.csproj", "{9EEEDCF1-4B8A-49CA-93F3-65FD52B0D3CE}"
EndProject
Project("{9A19103F-16F7-4668-BE54-9A1E7A4F7556}") = "Customer.Services", "CustomerService\Customer.Services\Customer.Services.csproj", "{9725EE4E-D9D5-46A0-A48C-EB8D411B0BE2}"
EndProject
Project("{9A19103F-16F7-4668-BE54-9A1E7A4F7556}") = "Order.Infrastructure", "OrderService\Order.Infrastructure\Order.Infrastructure.csproj", "{0E49F2A9-546B-4DCF-A87B-CE4D09AA6069}"
EndProject
Project("{9A19103F-16F7-4668-BE54-9A1E7A4F7556}") = "Order.Models", "OrderService\Order.Models\Order.Models.csproj", "{8C263AFA-3024-4152-B9F6-21AD46C119C6}"
EndProject
Project("{9A19103F-16F7-4668-BE54-9A1E7A4F7556}") = "Order.Services", "OrderService\Order.Services\Order.Services.csproj", "{ADE38E66-516C-40F3-BC2C-C57BE91327EC}"
EndProject
Project("{9A19103F-16F7-4668-BE54-9A1E7A4F7556}") = "Customer.Models", "CustomerService\Customer.Models\Customer.Models.csproj", "{194CB399-28A1-4261-8CF1-1B3E14132961}"
EndProject
Project("{2150E333-8FDC-42A3-9474-1A3956D46DE8}") = "Services", "Services", "{28503C95-8E65-4081-A282-5C27B933FC54}"
EndProject
Project("{FAE04EC0-301F-11D3-BF4B-00C04F79EFBC}") = "Customer.DataAccess", "Services\CustomerService\Customer.DataAccess\Customer.DataAccess.csproj", "{5B4407FB-FBDC-4DFF-A2B8-374E7B1358FC}"
EndProject
Project("{FAE04EC0-301F-11D3-BF4B-00C04F79EFBC}") = "Order.DataAccess", "Services\OrderService\Order.DataAccess\Order.DataAccess.csproj", "{0834BCFE-AEAB-407D-ACD3-C020574E3975}"
EndProject
Global
	GlobalSection(SolutionConfigurationPlatforms) = preSolution
		Debug|Any CPU = Debug|Any CPU
		Release|Any CPU = Release|Any CPU
	EndGlobalSection
	GlobalSection(ProjectConfigurationPlatforms) = postSolution
		{5029AC38-97DA-41B4-B504-F5C0269EADA2}.Debug|Any CPU.ActiveCfg = Debug|Any CPU
		{5029AC38-97DA-41B4-B504-F5C0269EADA2}.Debug|Any CPU.Build.0 = Debug|Any CPU
		{5029AC38-97DA-41B4-B504-F5C0269EADA2}.Release|Any CPU.ActiveCfg = Release|Any CPU
		{5029AC38-97DA-41B4-B504-F5C0269EADA2}.Release|Any CPU.Build.0 = Release|Any CPU
		{DED17512-C542-4444-8DC7-8659D3193D52}.Debug|Any CPU.ActiveCfg = Debug|Any CPU
		{DED17512-C542-4444-8DC7-8659D3193D52}.Debug|Any CPU.Build.0 = Debug|Any CPU
		{DED17512-C542-4444-8DC7-8659D3193D52}.Release|Any CPU.ActiveCfg = Release|Any CPU
		{DED17512-C542-4444-8DC7-8659D3193D52}.Release|Any CPU.Build.0 = Release|Any CPU
		{44A47137-3009-437B-8FEB-C8CB2C352473}.Debug|Any CPU.ActiveCfg = Debug|Any CPU
		{44A47137-3009-437B-8FEB-C8CB2C352473}.Debug|Any CPU.Build.0 = Debug|Any CPU
		{44A47137-3009-437B-8FEB-C8CB2C352473}.Release|Any CPU.ActiveCfg = Release|Any CPU
		{44A47137-3009-437B-8FEB-C8CB2C352473}.Release|Any CPU.Build.0 = Release|Any CPU
		{9EEEDCF1-4B8A-49CA-93F3-65FD52B0D3CE}.Debug|Any CPU.ActiveCfg = Debug|Any CPU
		{9EEEDCF1-4B8A-49CA-93F3-65FD52B0D3CE}.Debug|Any CPU.Build.0 = Debug|Any CPU
		{9EEEDCF1-4B8A-49CA-93F3-65FD52B0D3CE}.Release|Any CPU.ActiveCfg = Release|Any CPU
		{9EEEDCF1-4B8A-49CA-93F3-65FD52B0D3CE}.Release|Any CPU.Build.0 = Release|Any CPU
		{9725EE4E-D9D5-46A0-A48C-EB8D411B0BE2}.Debug|Any CPU.ActiveCfg = Debug|Any CPU
		{9725EE4E-D9D5-46A0-A48C-EB8D411B0BE2}.Debug|Any CPU.Build.0 = Debug|Any CPU
		{9725EE4E-D9D5-46A0-A48C-EB8D411B0BE2}.Release|Any CPU.ActiveCfg = Release|Any CPU
		{9725EE4E-D9D5-46A0-A48C-EB8D411B0BE2}.Release|Any CPU.Build.0 = Release|Any CPU
		{0E49F2A9-546B-4DCF-A87B-CE4D09AA6069}.Debug|Any CPU.ActiveCfg = Debug|Any CPU
		{0E49F2A9-546B-4DCF-A87B-CE4D09AA6069}.Debug|Any CPU.Build.0 = Debug|Any CPU
		{0E49F2A9-546B-4DCF-A87B-CE4D09AA6069}.Release|Any CPU.ActiveCfg = Release|Any CPU
		{0E49F2A9-546B-4DCF-A87B-CE4D09AA6069}.Release|Any CPU.Build.0 = Release|Any CPU
		{8C263AFA-3024-4152-B9F6-21AD46C119C6}.Debug|Any CPU.ActiveCfg = Debug|Any CPU
		{8C263AFA-3024-4152-B9F6-21AD46C119C6}.Debug|Any CPU.Build.0 = Debug|Any CPU
		{8C263AFA-3024-4152-B9F6-21AD46C119C6}.Release|Any CPU.ActiveCfg = Release|Any CPU
		{8C263AFA-3024-4152-B9F6-21AD46C119C6}.Release|Any CPU.Build.0 = Release|Any CPU
		{ADE38E66-516C-40F3-BC2C-C57BE91327EC}.Debug|Any CPU.ActiveCfg = Debug|Any CPU
		{ADE38E66-516C-40F3-BC2C-C57BE91327EC}.Debug|Any CPU.Build.0 = Debug|Any CPU
		{ADE38E66-516C-40F3-BC2C-C57BE91327EC}.Release|Any CPU.ActiveCfg = Release|Any CPU
		{ADE38E66-516C-40F3-BC2C-C57BE91327EC}.Release|Any CPU.Build.0 = Release|Any CPU
		{194CB399-28A1-4261-8CF1-1B3E14132961}.Debug|Any CPU.ActiveCfg = Debug|Any CPU
		{194CB399-28A1-4261-8CF1-1B3E14132961}.Debug|Any CPU.Build.0 = Debug|Any CPU
		{194CB399-28A1-4261-8CF1-1B3E14132961}.Release|Any CPU.ActiveCfg = Release|Any CPU
		{194CB399-28A1-4261-8CF1-1B3E14132961}.Release|Any CPU.Build.0 = Release|Any CPU
		{5B4407FB-FBDC-4DFF-A2B8-374E7B1358FC}.Debug|Any CPU.ActiveCfg = Debug|Any CPU
		{5B4407FB-FBDC-4DFF-A2B8-374E7B1358FC}.Debug|Any CPU.Build.0 = Debug|Any CPU
		{5B4407FB-FBDC-4DFF-A2B8-374E7B1358FC}.Release|Any CPU.ActiveCfg = Release|Any CPU
		{5B4407FB-FBDC-4DFF-A2B8-374E7B1358FC}.Release|Any CPU.Build.0 = Release|Any CPU
		{0834BCFE-AEAB-407D-ACD3-C020574E3975}.Debug|Any CPU.ActiveCfg = Debug|Any CPU
		{0834BCFE-AEAB-407D-ACD3-C020574E3975}.Debug|Any CPU.Build.0 = Debug|Any CPU
		{0834BCFE-AEAB-407D-ACD3-C020574E3975}.Release|Any CPU.ActiveCfg = Release|Any CPU
		{0834BCFE-AEAB-407D-ACD3-C020574E3975}.Release|Any CPU.Build.0 = Release|Any CPU
	EndGlobalSection
	GlobalSection(SolutionProperties) = preSolution
		HideSolutionNode = FALSE
	EndGlobalSection
	GlobalSection(NestedProjects) = preSolution
		{C96179B7-5C31-4137-A32F-DCD7B6B91B72} = {28503C95-8E65-4081-A282-5C27B933FC54}
		{14DD8997-BB22-487F-BA5D-226A40D48792} = {28503C95-8E65-4081-A282-5C27B933FC54}
		{DED17512-C542-4444-8DC7-8659D3193D52} = {C96179B7-5C31-4137-A32F-DCD7B6B91B72}
		{44A47137-3009-437B-8FEB-C8CB2C352473} = {14DD8997-BB22-487F-BA5D-226A40D48792}
		{9EEEDCF1-4B8A-49CA-93F3-65FD52B0D3CE} = {C96179B7-5C31-4137-A32F-DCD7B6B91B72}
		{9725EE4E-D9D5-46A0-A48C-EB8D411B0BE2} = {C96179B7-5C31-4137-A32F-DCD7B6B91B72}
		{0E49F2A9-546B-4DCF-A87B-CE4D09AA6069} = {14DD8997-BB22-487F-BA5D-226A40D48792}
		{8C263AFA-3024-4152-B9F6-21AD46C119C6} = {14DD8997-BB22-487F-BA5D-226A40D48792}
		{ADE38E66-516C-40F3-BC2C-C57BE91327EC} = {14DD8997-BB22-487F-BA5D-226A40D48792}
		{194CB399-28A1-4261-8CF1-1B3E14132961} = {C96179B7-5C31-4137-A32F-DCD7B6B91B72}
		{5B4407FB-FBDC-4DFF-A2B8-374E7B1358FC} = {C96179B7-5C31-4137-A32F-DCD7B6B91B72}
		{0834BCFE-AEAB-407D-ACD3-C020574E3975} = {14DD8997-BB22-487F-BA5D-226A40D48792}
	EndGlobalSection
	GlobalSection(ExtensibilityGlobals) = postSolution
		SolutionGuid = {008D7AD5-D8DD-4342-ADF1-525AA565FDFD}
	EndGlobalSection
EndGlobal
